
Microsoft Visual Studio Solution File, Format Version 12.00
# Visual Studio Version 17
VisualStudioVersion = 17.2.32616.157
MinimumVisualStudioVersion = 10.0.40219.1
Project("{FAE04EC0-301F-11D3-BF4B-00C04F79EFBC}") = "foto_gray", "foto_gray\foto_gray.csproj", "{000C908D-3A01-4243-92E5-904A8DC9DCE8}"
EndProject
Global
	GlobalSection(SolutionConfigurationPlatforms) = preSolution
		Debug|Any CPU = Debug|Any CPU
		Release|Any CPU = Release|Any CPU
	EndGlobalSection
	GlobalSection(ProjectConfigurationPlatforms) = postSolution
		{000C908D-3A01-4243-92E5-904A8DC9DCE8}.Debug|Any CPU.ActiveCfg = Debug|Any CPU
		{000C908D-3A01-4243-92E5-904A8DC9DCE8}.Debug|Any CPU.Build.0 = Debug|Any CPU
		{000C908D-3A01-4243-92E5-904A8DC9DCE8}.Release|Any CPU.ActiveCfg = Release|Any CPU
		{000C908D-3A01-4243-92E5-904A8DC9DCE8}.Release|Any CPU.Build.0 = Release|Any CPU
	EndGlobalSection
	GlobalSection(SolutionProperties) = preSolution
		HideSolutionNode = FALSE
	EndGlobalSection
	GlobalSection(ExtensibilityGlobals) = postSolution
		SolutionGuid = {B15D35F5-0B00-4237-8C40-20745ADED15B}
	EndGlobalSection
EndGlobal
